
Microsoft Visual Studio Solution File, Format Version 12.00
# Visual Studio Version 17
VisualStudioVersion = 17.13.35931.197 d17.13
MinimumVisualStudioVersion = 10.0.40219.1
Project("{FAE04EC0-301F-11D3-BF4B-00C04F79EFBC}") = "Dostavka", "Dostavka\Dostavka.csproj", "{102D2F71-D771-4293-B24D-83B95AD584A9}"
EndProject
Global
	GlobalSection(SolutionConfigurationPlatforms) = preSolution
		Debug|Any CPU = Debug|Any CPU
		Release|Any CPU = Release|Any CPU
	EndGlobalSection
	GlobalSection(ProjectConfigurationPlatforms) = postSolution
		{102D2F71-D771-4293-B24D-83B95AD584A9}.Debug|Any CPU.ActiveCfg = Debug|Any CPU
		{102D2F71-D771-4293-B24D-83B95AD584A9}.Debug|Any CPU.Build.0 = Debug|Any CPU
		{102D2F71-D771-4293-B24D-83B95AD584A9}.Release|Any CPU.ActiveCfg = Release|Any CPU
		{102D2F71-D771-4293-B24D-83B95AD584A9}.Release|Any CPU.Build.0 = Release|Any CPU
	EndGlobalSection
	GlobalSection(SolutionProperties) = preSolution
		HideSolutionNode = FALSE
	EndGlobalSection
	GlobalSection(ExtensibilityGlobals) = postSolution
		SolutionGuid = {BE7A9BE3-A179-4486-89C8-AC6BCF05F313}
	EndGlobalSection
EndGlobal
